
Microsoft Visual Studio Solution File, Format Version 12.00
# Visual Studio Version 16
VisualStudioVersion = 16.0.31729.503
MinimumVisualStudioVersion = 10.0.40219.1
Project("{FAE04EC0-301F-11D3-BF4B-00C04F79EFBC}") = "Entities", "Entities\Entities.csproj", "{424D3C20-438B-4A04-A9BB-90AB883C06C0}"
EndProject
Project("{FAE04EC0-301F-11D3-BF4B-00C04F79EFBC}") = "DataAccess", "DataAccess\DataAccess.csproj", "{401F09C4-ADAF-4C93-B67A-FD204083D07D}"
EndProject
Project("{FAE04EC0-301F-11D3-BF4B-00C04F79EFBC}") = "WebAPI", "WebAPI\WebAPI.csproj", "{781EC3AC-DE0F-47C0-B02E-187747840ECC}"
EndProject
Global
	GlobalSection(SolutionConfigurationPlatforms) = preSolution
		Debug|Any CPU = Debug|Any CPU
		Release|Any CPU = Release|Any CPU
	EndGlobalSection
	GlobalSection(ProjectConfigurationPlatforms) = postSolution
		{424D3C20-438B-4A04-A9BB-90AB883C06C0}.Debug|Any CPU.ActiveCfg = Debug|Any CPU
		{424D3C20-438B-4A04-A9BB-90AB883C06C0}.Debug|Any CPU.Build.0 = Debug|Any CPU
		{424D3C20-438B-4A04-A9BB-90AB883C06C0}.Release|Any CPU.ActiveCfg = Release|Any CPU
		{424D3C20-438B-4A04-A9BB-90AB883C06C0}.Release|Any CPU.Build.0 = Release|Any CPU
		{401F09C4-ADAF-4C93-B67A-FD204083D07D}.Debug|Any CPU.ActiveCfg = Debug|Any CPU
		{401F09C4-ADAF-4C93-B67A-FD204083D07D}.Debug|Any CPU.Build.0 = Debug|Any CPU
		{401F09C4-ADAF-4C93-B67A-FD204083D07D}.Release|Any CPU.ActiveCfg = Release|Any CPU
		{401F09C4-ADAF-4C93-B67A-FD204083D07D}.Release|Any CPU.Build.0 = Release|Any CPU
		{781EC3AC-DE0F-47C0-B02E-187747840ECC}.Debug|Any CPU.ActiveCfg = Debug|Any CPU
		{781EC3AC-DE0F-47C0-B02E-187747840ECC}.Debug|Any CPU.Build.0 = Debug|Any CPU
		{781EC3AC-DE0F-47C0-B02E-187747840ECC}.Release|Any CPU.ActiveCfg = Release|Any CPU
		{781EC3AC-DE0F-47C0-B02E-187747840ECC}.Release|Any CPU.Build.0 = Release|Any CPU
	EndGlobalSection
	GlobalSection(SolutionProperties) = preSolution
		HideSolutionNode = FALSE
	EndGlobalSection
	GlobalSection(ExtensibilityGlobals) = postSolution
		SolutionGuid = {5B2159E4-5D37-40A2-9765-F682F8FD0FB1}
	EndGlobalSection
EndGlobal
